
Microsoft Visual Studio Solution File, Format Version 12.00
# Visual Studio 2013
VisualStudioVersion = 12.0.21005.1
MinimumVisualStudioVersion = 10.0.40219.1
Project("{FAE04EC0-301F-11D3-BF4B-00C04F79EFBC}") = "SpellGUIV2", "SpellGUIV2\SpellGUIV2.csproj", "{C93AE077-769E-4E2B-BCA1-3C6DF3B0B26E}"
EndProject
Project("{FAE04EC0-301F-11D3-BF4B-00C04F79EFBC}") = "SereniaBLPLib", "SereniaBLPLib\SereniaBLPLib.csproj", "{4ED9F877-A9BB-470F-B35C-694147472080}"
EndProject
Global
	GlobalSection(SolutionConfigurationPlatforms) = preSolution
		Debug|Any CPU = Debug|Any CPU
		Release|Any CPU = Release|Any CPU
	EndGlobalSection
	GlobalSection(ProjectConfigurationPlatforms) = postSolution
		{C93AE077-769E-4E2B-BCA1-3C6DF3B0B26E}.Debug|Any CPU.ActiveCfg = Debug|Any CPU
		{C93AE077-769E-4E2B-BCA1-3C6DF3B0B26E}.Debug|Any CPU.Build.0 = Debug|Any CPU
		{C93AE077-769E-4E2B-BCA1-3C6DF3B0B26E}.Release|Any CPU.ActiveCfg = Release|Any CPU
		{C93AE077-769E-4E2B-BCA1-3C6DF3B0B26E}.Release|Any CPU.Build.0 = Release|Any CPU
		{4ED9F877-A9BB-470F-B35C-694147472080}.Debug|Any CPU.ActiveCfg = Debug|Any CPU
		{4ED9F877-A9BB-470F-B35C-694147472080}.Debug|Any CPU.Build.0 = Debug|Any CPU
		{4ED9F877-A9BB-470F-B35C-694147472080}.Release|Any CPU.ActiveCfg = Release|Any CPU
		{4ED9F877-A9BB-470F-B35C-694147472080}.Release|Any CPU.Build.0 = Release|Any CPU
	EndGlobalSection
	GlobalSection(SolutionProperties) = preSolution
		HideSolutionNode = FALSE
	EndGlobalSection
EndGlobal
